// !$*UTF8*$!
{
	archiveVersion = 1;
	classes = {
	};
	objectVersion = 50;
	objects = {

/* Begin PBXBuildFile section */
		F56C785126AF412100A69A40 /* AppDelegate.swift in Sources */ = {isa = PBXBuildFile; fileRef = F56C785026AF412100A69A40 /* AppDelegate.swift */; };
		F56C785326AF412100A69A40 /* SceneDelegate.swift in Sources */ = {isa = PBXBuildFile; fileRef = F56C785226AF412100A69A40 /* SceneDelegate.swift */; };
		F56C785526AF412100A69A40 /* ViewController.swift in Sources */ = {isa = PBXBuildFile; fileRef = F56C785426AF412100A69A40 /* ViewController.swift */; };
		F56C785826AF412100A69A40 /* Main.storyboard in Resources */ = {isa = PBXBuildFile; fileRef = F56C785626AF412100A69A40 /* Main.storyboard */; };
		F56C785A26AF412100A69A40 /* Assets.xcassets in Resources */ = {isa = PBXBuildFile; fileRef = F56C785926AF412100A69A40 /* Assets.xcassets */; };
		F56C785D26AF412100A69A40 /* LaunchScreen.storyboard in Resources */ = {isa = PBXBuildFile; fileRef = F56C785B26AF412100A69A40 /* LaunchScreen.storyboard */; };
		F56C786826AF412200A69A40 /* Photo_GalleryTests.swift in Sources */ = {isa = PBXBuildFile; fileRef = F56C786726AF412200A69A40 /* Photo_GalleryTests.swift */; };
		F56C787326AF412200A69A40 /* Photo_GalleryUITests.swift in Sources */ = {isa = PBXBuildFile; fileRef = F56C787226AF412200A69A40 /* Photo_GalleryUITests.swift */; };
		F56C788126AF441A00A69A40 /* PhotoCell.swift in Sources */ = {isa = PBXBuildFile; fileRef = F56C788026AF441A00A69A40 /* PhotoCell.swift */; };
/* End PBXBuildFile section */

/* Begin PBXContainerItemProxy section */
		F56C786426AF412200A69A40 /* PBXContainerItemProxy */ = {
			isa = PBXContainerItemProxy;
			containerPortal = F56C784526AF412100A69A40 /* Project object */;
			proxyType = 1;
			remoteGlobalIDString = F56C784C26AF412100A69A40;
			remoteInfo = Photo_Gallery;
		};
		F56C786F26AF412200A69A40 /* PBXContainerItemProxy */ = {
			isa = PBXContainerItemProxy;
			containerPortal = F56C784526AF412100A69A40 /* Project object */;
			proxyType = 1;
			remoteGlobalIDString = F56C784C26AF412100A69A40;
			remoteInfo = Photo_Gallery;
		};
/* End PBXContainerItemProxy section */

/* Begin PBXFileReference section */
		F56C784D26AF412100A69A40 /* Photo_Gallery.app */ = {isa = PBXFileReference; explicitFileType = wrapper.application; includeInIndex = 0; path = Photo_Gallery.app; sourceTree = BUILT_PRODUCTS_DIR; };
		F56C785026AF412100A69A40 /* AppDelegate.swift */ = {isa = PBXFileReference; lastKnownFileType = sourcecode.swift; path = AppDelegate.swift; sourceTree = "<group>"; };
		F56C785226AF412100A69A40 /* SceneDelegate.swift */ = {isa = PBXFileReference; lastKnownFileType = sourcecode.swift; path = SceneDelegate.swift; sourceTree = "<group>"; };
		F56C785426AF412100A69A40 /* ViewController.swift */ = {isa = PBXFileReference; lastKnownFileType = sourcecode.swift; path = ViewController.swift; sourceTree = "<group>"; };
		F56C785726AF412100A69A40 /* Base */ = {isa = PBXFileReference; lastKnownFileType = file.storyboard; name = Base; path = Base.lproj/Main.storyboard; sourceTree = "<group>"; };
		F56C785926AF412100A69A40 /* Assets.xcassets */ = {isa = PBXFileReference; lastKnownFileType = folder.assetcatalog; path = Assets.xcassets; sourceTree = "<group>"; };
		F56C785C26AF412100A69A40 /* Base */ = {isa = PBXFileReference; lastKnownFileType = file.storyboard; name = Base; path = Base.lproj/LaunchScreen.storyboard; sourceTree = "<group>"; };
		F56C785E26AF412100A69A40 /* Info.plist */ = {isa = PBXFileReference; lastKnownFileType = text.plist.xml; path = Info.plist; sourceTree = "<group>"; };
		F56C786326AF412200A69A40 /* Photo_GalleryTests.xctest */ = {isa = PBXFileReference; explicitFileType = wrapper.cfbundle; includeInIndex = 0; path = Photo_GalleryTests.xctest; sourceTree = BUILT_PRODUCTS_DIR; };
		F56C786726AF412200A69A40 /* Photo_GalleryTests.swift */ = {isa = PBXFileReference; lastKnownFileType = sourcecode.swift; path = Photo_GalleryTests.swift; sourceTree = "<group>"; };
		F56C786926AF412200A69A40 /* Info.plist */ = {isa = PBXFileReference; lastKnownFileType = text.plist.xml; path = Info.plist; sourceTree = "<group>"; };
		F56C786E26AF412200A69A40 /* Photo_GalleryUITests.xctest */ = {isa = PBXFileReference; explicitFileType = wrapper.cfbundle; includeInIndex = 0; path = Photo_GalleryUITests.xctest; sourceTree = BUILT_PRODUCTS_DIR; };
		F56C787226AF412200A69A40 /* Photo_GalleryUITests.swift */ = {isa = PBXFileReference; lastKnownFileType = sourcecode.swift; path = Photo_GalleryUITests.swift; sourceTree = "<group>"; };
		F56C787426AF412200A69A40 /* Info.plist */ = {isa = PBXFileReference; lastKnownFileType = text.plist.xml; path = Info.plist; sourceTree = "<group>"; };
		F56C788026AF441A00A69A40 /* PhotoCell.swift */ = {isa = PBXFileReference; lastKnownFileType = sourcecode.swift; path = PhotoCell.swift; sourceTree = "<group>"; };
/* End PBXFileReference section */

/* Begin PBXFrameworksBuildPhase section */
		F56C784A26AF412100A69A40 /* Frameworks */ = {
			isa = PBXFrameworksBuildPhase;
			buildActionMask = 2147483647;
			files = (
			);
			runOnlyForDeploymentPostprocessing = 0;
		};
		F56C786026AF412200A69A40 /* Frameworks */ = {
			isa = PBXFrameworksBuildPhase;
			buildActionMask = 2147483647;
			files = (
			);
			runOnlyForDeploymentPostprocessing = 0;
		};
		F56C786B26AF412200A69A40 /* Frameworks */ = {
			isa = PBXFrameworksBuildPhase;
			buildActionMask = 2147483647;
			files = (
			);
			runOnlyForDeploymentPostprocessing = 0;
		};
/* End PBXFrameworksBuildPhase section */

/* Begin PBXGroup section */
		F56C784426AF412100A69A40 = {
			isa = PBXGroup;
			children = (
				F56C784F26AF412100A69A40 /* Photo_Gallery */,
				F56C786626AF412200A69A40 /* Photo_GalleryTests */,
				F56C787126AF412200A69A40 /* Photo_GalleryUITests */,
				F56C784E26AF412100A69A40 /* Products */,
			);
			sourceTree = "<group>";
		};
		F56C784E26AF412100A69A40 /* Products */ = {
			isa = PBXGroup;
			children = (
				F56C784D26AF412100A69A40 /* Photo_Gallery.app */,
				F56C786326AF412200A69A40 /* Photo_GalleryTests.xctest */,
				F56C786E26AF412200A69A40 /* Photo_GalleryUITests.xctest */,
			);
			name = Products;
			sourceTree = "<group>";
		};
		F56C784F26AF412100A69A40 /* Photo_Gallery */ = {
			isa = PBXGroup;
			children = (
				F56C785026AF412100A69A40 /* AppDelegate.swift */,
				F56C785226AF412100A69A40 /* SceneDelegate.swift */,
				F56C785426AF412100A69A40 /* ViewController.swift */,
				F56C785626AF412100A69A40 /* Main.storyboard */,
				F56C788026AF441A00A69A40 /* PhotoCell.swift */,
				F56C785926AF412100A69A40 /* Assets.xcassets */,
				F56C785B26AF412100A69A40 /* LaunchScreen.storyboard */,
				F56C785E26AF412100A69A40 /* Info.plist */,
			);
			path = Photo_Gallery;
			sourceTree = "<group>";
		};
		F56C786626AF412200A69A40 /* Photo_GalleryTests */ = {
			isa = PBXGroup;
			children = (
				F56C786726AF412200A69A40 /* Photo_GalleryTests.swift */,
				F56C786926AF412200A69A40 /* Info.plist */,
			);
			path = Photo_GalleryTests;
			sourceTree = "<group>";
		};
		F56C787126AF412200A69A40 /* Photo_GalleryUITests */ = {
			isa = PBXGroup;
			children = (
				F56C787226AF412200A69A40 /* Photo_GalleryUITests.swift */,
				F56C787426AF412200A69A40 /* Info.plist */,
			);
			path = Photo_GalleryUITests;
			sourceTree = "<group>";
		};
/* End PBXGroup section */

/* Begin PBXNativeTarget section */
		F56C784C26AF412100A69A40 /* Photo_Gallery */ = {
			isa = PBXNativeTarget;
			buildConfigurationList = F56C787726AF412200A69A40 /* Build configuration list for PBXNativeTarget "Photo_Gallery" */;
			buildPhases = (
				F56C784926AF412100A69A40 /* Sources */,
				F56C784A26AF412100A69A40 /* Frameworks */,
				F56C784B26AF412100A69A40 /* Resources */,
			);
			buildRules = (
			);
			dependencies = (
			);
			name = Photo_Gallery;
			productName = Photo_Gallery;
			productReference = F56C784D26AF412100A69A40 /* Photo_Gallery.app */;
			productType = "com.apple.product-type.application";
		};
		F56C786226AF412200A69A40 /* Photo_GalleryTests */ = {
			isa = PBXNativeTarget;
			buildConfigurationList = F56C787A26AF412200A69A40 /* Build configuration list for PBXNativeTarget "Photo_GalleryTests" */;
			buildPhases = (
				F56C785F26AF412200A69A40 /* Sources */,
				F56C786026AF412200A69A40 /* Frameworks */,
				F56C786126AF412200A69A40 /* Resources */,
			);
			buildRules = (
			);
			dependencies = (
				F56C786526AF412200A69A40 /* PBXTargetDependency */,
			);
			name = Photo_GalleryTests;
			productName = Photo_GalleryTests;
			productReference = F56C786326AF412200A69A40 /* Photo_GalleryTests.xctest */;
			productType = "com.apple.product-type.bundle.unit-test";
		};
		F56C786D26AF412200A69A40 /* Photo_GalleryUITests */ = {
			isa = PBXNativeTarget;
			buildConfigurationList = F56C787D26AF412200A69A40 /* Build configuration list for PBXNativeTarget "Photo_GalleryUITests" */;
			buildPhases = (
				F56C786A26AF412200A69A40 /* Sources */,
				F56C786B26AF412200A69A40 /* Frameworks */,
				F56C786C26AF412200A69A40 /* Resources */,
			);
			buildRules = (
			);
			dependencies = (
				F56C787026AF412200A69A40 /* PBXTargetDependency */,
			);
			name = Photo_GalleryUITests;
			productName = Photo_GalleryUITests;
			productReference = F56C786E26AF412200A69A40 /* Photo_GalleryUITests.xctest */;
			productType = "com.apple.product-type.bundle.ui-testing";
		};
/* End PBXNativeTarget section */

/* Begin PBXProject section */
		F56C784526AF412100A69A40 /* Project object */ = {
			isa = PBXProject;
			attributes = {
				LastSwiftUpdateCheck = 1250;
				LastUpgradeCheck = 1250;
				TargetAttributes = {
					F56C784C26AF412100A69A40 = {
						CreatedOnToolsVersion = 12.5;
					};
					F56C786226AF412200A69A40 = {
						CreatedOnToolsVersion = 12.5;
						TestTargetID = F56C784C26AF412100A69A40;
					};
					F56C786D26AF412200A69A40 = {
						CreatedOnToolsVersion = 12.5;
						TestTargetID = F56C784C26AF412100A69A40;
					};
				};
			};
			buildConfigurationList = F56C784826AF412100A69A40 /* Build configuration list for PBXProject "Photo_Gallery" */;
			compatibilityVersion = "Xcode 9.3";
			developmentRegion = en;
			hasScannedForEncodings = 0;
			knownRegions = (
				en,
				Base,
			);
			mainGroup = F56C784426AF412100A69A40;
			productRefGroup = F56C784E26AF412100A69A40 /* Products */;
			projectDirPath = "";
			projectRoot = "";
			targets = (
				F56C784C26AF412100A69A40 /* Photo_Gallery */,
				F56C786226AF412200A69A40 /* Photo_GalleryTests */,
				F56C786D26AF412200A69A40 /* Photo_GalleryUITests */,
			);
		};
/* End PBXProject section */

/* Begin PBXResourcesBuildPhase section */
		F56C784B26AF412100A69A40 /* Resources */ = {
			isa = PBXResourcesBuildPhase;
			buildActionMask = 2147483647;
			files = (
				F56C785D26AF412100A69A40 /* LaunchScreen.storyboard in Resources */,
				F56C785A26AF412100A69A40 /* Assets.xcassets in Resources */,
				F56C785826AF412100A69A40 /* Main.storyboard in Resources */,
			);
			runOnlyForDeploymentPostprocessing = 0;
		};
		F56C786126AF412200A69A40 /* Resources */ = {
			isa = PBXResourcesBuildPhase;
			buildActionMask = 2147483647;
			files = (
			);
			runOnlyForDeploymentPostprocessing = 0;
		};
		F56C786C26AF412200A69A40 /* Resources */ = {
			isa = PBXResourcesBuildPhase;
			buildActionMask = 2147483647;
			files = (
			);
			runOnlyForDeploymentPostprocessing = 0;
		};
/* End PBXResourcesBuildPhase section */

/* Begin PBXSourcesBuildPhase section */
		F56C784926AF412100A69A40 /* Sources */ = {
			isa = PBXSourcesBuildPhase;
			buildActionMask = 2147483647;
			files = (
				F56C788126AF441A00A69A40 /* PhotoCell.swift in Sources */,
				F56C785526AF412100A69A40 /* ViewController.swift in Sources */,
				F56C785126AF412100A69A40 /* AppDelegate.swift in Sources */,
				F56C785326AF412100A69A40 /* SceneDelegate.swift in Sources */,
			);
			runOnlyForDeploymentPostprocessing = 0;
		};
		F56C785F26AF412200A69A40 /* Sources */ = {
			isa = PBXSourcesBuildPhase;
			buildActionMask = 2147483647;
			files = (
				F56C786826AF412200A69A40 /* Photo_GalleryTests.swift in Sources */,
			);
			runOnlyForDeploymentPostprocessing = 0;
		};
		F56C786A26AF412200A69A40 /* Sources */ = {
			isa = PBXSourcesBuildPhase;
			buildActionMask = 2147483647;
			files = (
				F56C787326AF412200A69A40 /* Photo_GalleryUITests.swift in Sources */,
			);
			runOnlyForDeploymentPostprocessing = 0;
		};
/* End PBXSourcesBuildPhase section */

/* Begin PBXTargetDependency section */
		F56C786526AF412200A69A40 /* PBXTargetDependency */ = {
			isa = PBXTargetDependency;
			target = F56C784C26AF412100A69A40 /* Photo_Gallery */;
			targetProxy = F56C786426AF412200A69A40 /* PBXContainerItemProxy */;
		};
		F56C787026AF412200A69A40 /* PBXTargetDependency */ = {
			isa = PBXTargetDependency;
			target = F56C784C26AF412100A69A40 /* Photo_Gallery */;
			targetProxy = F56C786F26AF412200A69A40 /* PBXContainerItemProxy */;
		};
/* End PBXTargetDependency section */

/* Begin PBXVariantGroup section */
		F56C785626AF412100A69A40 /* Main.storyboard */ = {
			isa = PBXVariantGroup;
			children = (
				F56C785726AF412100A69A40 /* Base */,
			);
			name = Main.storyboard;
			sourceTree = "<group>";
		};
		F56C785B26AF412100A69A40 /* LaunchScreen.storyboard */ = {
			isa = PBXVariantGroup;
			children = (
				F56C785C26AF412100A69A40 /* Base */,
			);
			name = LaunchScreen.storyboard;
			sourceTree = "<group>";
		};
/* End PBXVariantGroup section */

/* Begin XCBuildConfiguration section */
		F56C787526AF412200A69A40 /* Debug */ = {
			isa = XCBuildConfiguration;
			buildSettings = {
				ALWAYS_SEARCH_USER_PATHS = NO;
				CLANG_ANALYZER_NONNULL = YES;
				CLANG_ANALYZER_NUMBER_OBJECT_CONVERSION = YES_AGGRESSIVE;
				CLANG_CXX_LANGUAGE_STANDARD = "gnu++14";
				CLANG_CXX_LIBRARY = "libc++";
				CLANG_ENABLE_MODULES = YES;
				CLANG_ENABLE_OBJC_ARC = YES;
				CLANG_ENABLE_OBJC_WEAK = YES;
				CLANG_WARN_BLOCK_CAPTURE_AUTORELEASING = YES;
				CLANG_WARN_BOOL_CONVERSION = YES;
				CLANG_WARN_COMMA = YES;
				CLANG_WARN_CONSTANT_CONVERSION = YES;
				CLANG_WARN_DEPRECATED_OBJC_IMPLEMENTATIONS = YES;
				CLANG_WARN_DIRECT_OBJC_ISA_USAGE = YES_ERROR;
				CLANG_WARN_DOCUMENTATION_COMMENTS = YES;
				CLANG_WARN_EMPTY_BODY = YES;
				CLANG_WARN_ENUM_CONVERSION = YES;
				CLANG_WARN_INFINITE_RECURSION = YES;
				CLANG_WARN_INT_CONVERSION = YES;
				CLANG_WARN_NON_LITERAL_NULL_CONVERSION = YES;
				CLANG_WARN_OBJC_IMPLICIT_RETAIN_SELF = YES;
				CLANG_WARN_OBJC_LITERAL_CONVERSION = YES;
				CLANG_WARN_OBJC_ROOT_CLASS = YES_ERROR;
				CLANG_WARN_QUOTED_INCLUDE_IN_FRAMEWORK_HEADER = YES;
				CLANG_WARN_RANGE_LOOP_ANALYSIS = YES;
				CLANG_WARN_STRICT_PROTOTYPES = YES;
				CLANG_WARN_SUSPICIOUS_MOVE = YES;
				CLANG_WARN_UNGUARDED_AVAILABILITY = YES_AGGRESSIVE;
				CLANG_WARN_UNREACHABLE_CODE = YES;
				CLANG_WARN__DUPLICATE_METHOD_MATCH = YES;
				COPY_PHASE_STRIP = NO;
				DEBUG_INFORMATION_FORMAT = dwarf;
				ENABLE_STRICT_OBJC_MSGSEND = YES;
				ENABLE_TESTABILITY = YES;
				GCC_C_LANGUAGE_STANDARD = gnu11;
				GCC_DYNAMIC_NO_PIC = NO;
				GCC_NO_COMMON_BLOCKS = YES;
				GCC_OPTIMIZATION_LEVEL = 0;
				GCC_PREPROCESSOR_DEFINITIONS = (
					"DEBUG=1",
					"$(inherited)",
				);
				GCC_WARN_64_TO_32_BIT_CONVERSION = YES;
				GCC_WARN_ABOUT_RETURN_TYPE = YES_ERROR;
				GCC_WARN_UNDECLARED_SELECTOR = YES;
				GCC_WARN_UNINITIALIZED_AUTOS = YES_AGGRESSIVE;
				GCC_WARN_UNUSED_FUNCTION = YES;
				GCC_WARN_UNUSED_VARIABLE = YES;
				IPHONEOS_DEPLOYMENT_TARGET = 14.5;
				MTL_ENABLE_DEBUG_INFO = INCLUDE_SOURCE;
				MTL_FAST_MATH = YES;
				ONLY_ACTIVE_ARCH = YES;
				SDKROOT = iphoneos;
				SWIFT_ACTIVE_COMPILATION_CONDITIONS = DEBUG;
				SWIFT_OPTIMIZATION_LEVEL = "-Onone";
			};
			name = Debug;
		};
		F56C787626AF412200A69A40 /* Release */ = {
			isa = XCBuildConfiguration;
			buildSettings = {
				ALWAYS_SEARCH_USER_PATHS = NO;
				CLANG_ANALYZER_NONNULL = YES;
				CLANG_ANALYZER_NUMBER_OBJECT_CONVERSION = YES_AGGRESSIVE;
				CLANG_CXX_LANGUAGE_STANDARD = "gnu++14";
				CLANG_CXX_LIBRARY = "libc++";
				CLANG_ENABLE_MODULES = YES;
				CLANG_ENABLE_OBJC_ARC = YES;
				CLANG_ENABLE_OBJC_WEAK = YES;
				CLANG_WARN_BLOCK_CAPTURE_AUTORELEASING = YES;
				CLANG_WARN_BOOL_CONVERSION = YES;
				CLANG_WARN_COMMA = YES;
				CLANG_WARN_CONSTANT_CONVERSION = YES;
				CLANG_WARN_DEPRECATED_OBJC_IMPLEMENTATIONS = YES;
				CLANG_WARN_DIRECT_OBJC_ISA_USAGE = YES_ERROR;
				CLANG_WARN_DOCUMENTATION_COMMENTS = YES;
				CLANG_WARN_EMPTY_BODY = YES;
				CLANG_WARN_ENUM_CONVERSION = YES;
				CLANG_WARN_INFINITE_RECURSION = YES;
				CLANG_WARN_INT_CONVERSION = YES;
				CLANG_WARN_NON_LITERAL_NULL_CONVERSION = YES;
				CLANG_WARN_OBJC_IMPLICIT_RETAIN_SELF = YES;
				CLANG_WARN_OBJC_LITERAL_CONVERSION = YES;
				CLANG_WARN_OBJC_ROOT_CLASS = YES_ERROR;
				CLANG_WARN_QUOTED_INCLUDE_IN_FRAMEWORK_HEADER = YES;
				CLANG_WARN_RANGE_LOOP_ANALYSIS = YES;
				CLANG_WARN_STRICT_PROTOTYPES = YES;
				CLANG_WARN_SUSPICIOUS_MOVE = YES;
				CLANG_WARN_UNGUARDED_AVAILABILITY = YES_AGGRESSIVE;
				CLANG_WARN_UNREACHABLE_CODE = YES;
				CLANG_WARN__DUPLICATE_METHOD_MATCH = YES;
				COPY_PHASE_STRIP = NO;
				DEBUG_INFORMATION_FORMAT = "dwarf-with-dsym";
				ENABLE_NS_ASSERTIONS = NO;
				ENABLE_STRICT_OBJC_MSGSEND = YES;
				GCC_C_LANGUAGE_STANDARD = gnu11;
				GCC_NO_COMMON_BLOCKS = YES;
				GCC_WARN_64_TO_32_BIT_CONVERSION = YES;
				GCC_WARN_ABOUT_RETURN_TYPE = YES_ERROR;
				GCC_WARN_UNDECLARED_SELECTOR = YES;
				GCC_WARN_UNINITIALIZED_AUTOS = YES_AGGRESSIVE;
				GCC_WARN_UNUSED_FUNCTION = YES;
				GCC_WARN_UNUSED_VARIABLE = YES;
				IPHONEOS_DEPLOYMENT_TARGET = 14.5;
				MTL_ENABLE_DEBUG_INFO = NO;
				MTL_FAST_MATH = YES;
				SDKROOT = iphoneos;
				SWIFT_COMPILATION_MODE = wholemodule;
				SWIFT_OPTIMIZATION_LEVEL = "-O";
				VALIDATE_PRODUCT = YES;
			};
			name = Release;
		};
		F56C787826AF412200A69A40 /* Debug */ = {
			isa = XCBuildConfiguration;
			buildSettings = {
				ASSETCATALOG_COMPILER_APPICON_NAME = AppIcon;
				ASSETCATALOG_COMPILER_GLOBAL_ACCENT_COLOR_NAME = AccentColor;
				CODE_SIGN_STYLE = Automatic;
				INFOPLIST_FILE = Photo_Gallery/Info.plist;
				LD_RUNPATH_SEARCH_PATHS = (
					"$(inherited)",
					"@executable_path/Frameworks",
				);
				PRODUCT_BUNDLE_IDENTIFIER = "blulila.Photo-Gallery";
				PRODUCT_NAME = "$(TARGET_NAME)";
				SWIFT_VERSION = 5.0;
				TARGETED_DEVICE_FAMILY = "1,2";
			};
			name = Debug;
		};
		F56C787926AF412200A69A40 /* Release */ = {
			isa = XCBuildConfiguration;
			buildSettings = {
				ASSETCATALOG_COMPILER_APPICON_NAME = AppIcon;
				ASSETCATALOG_COMPILER_GLOBAL_ACCENT_COLOR_NAME = AccentColor;
				CODE_SIGN_STYLE = Automatic;
				INFOPLIST_FILE = Photo_Gallery/Info.plist;
				LD_RUNPATH_SEARCH_PATHS = (
					"$(inherited)",
					"@executable_path/Frameworks",
				);
				PRODUCT_BUNDLE_IDENTIFIER = "blulila.Photo-Gallery";
				PRODUCT_NAME = "$(TARGET_NAME)";
				SWIFT_VERSION = 5.0;
				TARGETED_DEVICE_FAMILY = "1,2";
			};
			name = Release;
		};
		F56C787B26AF412200A69A40 /* Debug */ = {
			isa = XCBuildConfiguration;
			buildSettings = {
				ALWAYS_EMBED_SWIFT_STANDARD_LIBRARIES = YES;
				BUNDLE_LOADER = "$(TEST_HOST)";
				CODE_SIGN_STYLE = Automatic;
				INFOPLIST_FILE = Photo_GalleryTests/Info.plist;
				IPHONEOS_DEPLOYMENT_TARGET = 14.5;
				LD_RUNPATH_SEARCH_PATHS = (
					"$(inherited)",
					"@executable_path/Frameworks",
					"@loader_path/Frameworks",
				);
				PRODUCT_BUNDLE_IDENTIFIER = "blulila.Photo-GalleryTests";
				PRODUCT_NAME = "$(TARGET_NAME)";
				SWIFT_VERSION = 5.0;
				TARGETED_DEVICE_FAMILY = "1,2";
				TEST_HOST = "$(BUILT_PRODUCTS_DIR)/Photo_Gallery.app/Photo_Gallery";
			};
			name = Debug;
		};
		F56C787C26AF412200A69A40 /* Release */ = {
			isa = XCBuildConfiguration;
			buildSettings = {
				ALWAYS_EMBED_SWIFT_STANDARD_LIBRARIES = YES;
				BUNDLE_LOADER = "$(TEST_HOST)";
				CODE_SIGN_STYLE = Automatic;
				INFOPLIST_FILE = Photo_GalleryTests/Info.plist;
				IPHONEOS_DEPLOYMENT_TARGET = 14.5;
				LD_RUNPATH_SEARCH_PATHS = (
					"$(inherited)",
					"@executable_path/Frameworks",
					"@loader_path/Frameworks",
				);
				PRODUCT_BUNDLE_IDENTIFIER = "blulila.Photo-GalleryTests";
				PRODUCT_NAME = "$(TARGET_NAME)";
				SWIFT_VERSION = 5.0;
				TARGETED_DEVICE_FAMILY = "1,2";
				TEST_HOST = "$(BUILT_PRODUCTS_DIR)/Photo_Gallery.app/Photo_Gallery";
			};
			name = Release;
		};
		F56C787E26AF412200A69A40 /* Debug */ = {
			isa = XCBuildConfiguration;
			buildSettings = {
				ALWAYS_EMBED_SWIFT_STANDARD_LIBRARIES = YES;
				CODE_SIGN_STYLE = Automatic;
				INFOPLIST_FILE = Photo_GalleryUITests/Info.plist;
				LD_RUNPATH_SEARCH_PATHS = (
					"$(inherited)",
					"@executable_path/Frameworks",
					"@loader_path/Frameworks",
				);
				PRODUCT_BUNDLE_IDENTIFIER = "blulila.Photo-GalleryUITests";
				PRODUCT_NAME = "$(TARGET_NAME)";
				SWIFT_VERSION = 5.0;
				TARGETED_DEVICE_FAMILY = "1,2";
				TEST_TARGET_NAME = Photo_Gallery;
			};
			name = Debug;
		};
		F56C787F26AF412200A69A40 /* Release */ = {
			isa = XCBuildConfiguration;
			buildSettings = {
				ALWAYS_EMBED_SWIFT_STANDARD_LIBRARIES = YES;
				CODE_SIGN_STYLE = Automatic;
				INFOPLIST_FILE = Photo_GalleryUITests/Info.plist;
				LD_RUNPATH_SEARCH_PATHS = (
					"$(inherited)",
					"@executable_path/Frameworks",
					"@loader_path/Frameworks",
				);
				PRODUCT_BUNDLE_IDENTIFIER = "blulila.Photo-GalleryUITests";
				PRODUCT_NAME = "$(TARGET_NAME)";
				SWIFT_VERSION = 5.0;
				TARGETED_DEVICE_FAMILY = "1,2";
				TEST_TARGET_NAME = Photo_Gallery;
			};
			name = Release;
		};
/* End XCBuildConfiguration section */

/* Begin XCConfigurationList section */
		F56C784826AF412100A69A40 /* Build configuration list for PBXProject "Photo_Gallery" */ = {
			isa = XCConfigurationList;
			buildConfigurations = (
				F56C787526AF412200A69A40 /* Debug */,
				F56C787626AF412200A69A40 /* Release */,
			);
			defaultConfigurationIsVisible = 0;
			defaultConfigurationName = Release;
		};
		F56C787726AF412200A69A40 /* Build configuration list for PBXNativeTarget "Photo_Gallery" */ = {
			isa = XCConfigurationList;
			buildConfigurations = (
				F56C787826AF412200A69A40 /* Debug */,
				F56C787926AF412200A69A40 /* Release */,
			);
			defaultConfigurationIsVisible = 0;
			defaultConfigurationName = Release;
		};
		F56C787A26AF412200A69A40 /* Build configuration list for PBXNativeTarget "Photo_GalleryTests" */ = {
			isa = XCConfigurationList;
			buildConfigurations = (
				F56C787B26AF412200A69A40 /* Debug */,
				F56C787C26AF412200A69A40 /* Release */,
			);
			defaultConfigurationIsVisible = 0;
			defaultConfigurationName = Release;
		};
		F56C787D26AF412200A69A40 /* Build configuration list for PBXNativeTarget "Photo_GalleryUITests" */ = {
			isa = XCConfigurationList;
			buildConfigurations = (
				F56C787E26AF412200A69A40 /* Debug */,
				F56C787F26AF412200A69A40 /* Release */,
			);
			defaultConfigurationIsVisible = 0;
			defaultConfigurationName = Release;
		};
/* End XCConfigurationList section */
	};
	rootObject = F56C784526AF412100A69A40 /* Project object */;
}
